
Microsoft Visual Studio Solution File, Format Version 12.00
# Visual Studio 15
VisualStudioVersion = 15.0.27130.2027
MinimumVisualStudioVersion = 10.0.40219.1
Project("{9A19103F-16F7-4668-BE54-9A1E7A4F7556}") = "Kcell Solutions", "Kcell Solutions.csproj", "{AD7F7ECA-F939-4BFF-BDCF-C9742DC7F8D0}"
EndProject
Global
	GlobalSection(SolutionConfigurationPlatforms) = preSolution
		Debug|Any CPU = Debug|Any CPU
		Release|Any CPU = Release|Any CPU
	EndGlobalSection
	GlobalSection(ProjectConfigurationPlatforms) = postSolution
		{AD7F7ECA-F939-4BFF-BDCF-C9742DC7F8D0}.Debug|Any CPU.ActiveCfg = Debug|Any CPU
		{AD7F7ECA-F939-4BFF-BDCF-C9742DC7F8D0}.Debug|Any CPU.Build.0 = Debug|Any CPU
		{AD7F7ECA-F939-4BFF-BDCF-C9742DC7F8D0}.Release|Any CPU.ActiveCfg = Release|Any CPU
		{AD7F7ECA-F939-4BFF-BDCF-C9742DC7F8D0}.Release|Any CPU.Build.0 = Release|Any CPU
	EndGlobalSection
	GlobalSection(SolutionProperties) = preSolution
		HideSolutionNode = FALSE
	EndGlobalSection
	GlobalSection(ExtensibilityGlobals) = postSolution
		SolutionGuid = {830D809A-3168-4B46-AF1F-210650CF9D88}
	EndGlobalSection
EndGlobal
